{
  "name": "coreaxis-notion-buffer",
  "version": "1.0.0",
  "lockfileVersion": 3,
  "requires": true,
  "packages": {
    "": {
      "name": "coreaxis-notion-buffer",
      "version": "1.0.0",
      "dependencies": {
        "@notionhq/client": "^2.2.15",
        "node-fetch": "^3.3.2"
      }
    },
    "node_modules/@notionhq/client": {
      "version": "2.2.15",
      "resolved": "https://registry.npmjs.org/@notionhq/client/-/client-2.2.15.tgz",
      "integrity": "sha512-Y9TCmx/fMkQVPpB0bDPkL4n1GW1L2pv5QrFEGCvF5A8+UGVB3J6nfxaEzGKGRl5F0vCXRUEhKAKmUmO8rtA7Q==",
      "engines": {
        "node": ">=16"
      }
    },
    "node_modules/data-uri-to-buffer": {
      "version": "4.0.1",
      "resolved": "https://registry.npmjs.org/data-uri-to-buffer/-/data-uri-to-buffer-4.0.1.tgz",
      "integrity": "sha512-0R8Ym6fy7ZR5XNitmug2I0CsSsDqwO0GAnVy3fsVQLIcUN0OEld5sCkrWCV1cuchFVp33CY6/B55mwtyaul8w==",
      "engines": {
        "node": ">=12"
      }
    },
    "node_modules/fetch-blob": {
      "version": "3.2.0",
      "resolved": "https://registry.npmjs.org/fetch-blob/-/fetch-blob-3.2.0.tgz",
      "integrity": "sha512-7yAQpD2UMJzLi1Dqv7BH6w0c6xa/zx8/2qlan/Sz+PcBuAVvkKBwc+qfQQzSYe5px2GexvL3K+oWLwzxKX/6w==",
      "dependencies": {
        "node-domexception": "^1.0.0",
        "web-streams-polyfill": "^3.0.3"
      },
      "engines": {
        "node": "^12.20 || >= 14.13"
      }
    },
    "node_modules/formdata-node": {
      "version": "4.4.1",
      "resolved": "https://registry.npmjs.org/formdata-node/-/formdata-node-4.4.1.tgz",
      "integrity": "sha512-lriQZeBEuNMjSChsCesg9EbjPfITW1qQKZ/eMpW8K7mHoalv8UNH26pNvIqq7ayiXjVKntVtQXkoRzErbvEug==",
      "dependencies": {
        "node-domexception": "^1.0.0"
      },
      "engines": {
        "node": ">=12.20"
      }
    },
    "node_modules/node-domexception": {
      "version": "1.0.0",
      "resolved": "https://registry.npmjs.org/node-domexception/-/node-domexception-1.0.0.tgz",
      "integrity": "sha512-/jKZoMpw0F8GRwl4/eLROPA3cfcXlFJsde6O0D9b27kmbs/6/pDa034OMvMwYDgCG5LIDeLambB5QOVfYKQsw==",
      "engines": {
        "node": ">=10.5.0"
      }
    },
    "node_modules/node-fetch": {
      "version": "3.3.2",
      "resolved": "https://registry.npmjs.org/node-fetch/-/node-fetch-3.3.2.tgz",
      "integrity": "sha512-dRB78srN/l6gqWulah9SrxeYnxeddIG+V6y72Smp9ONXDBNK2wsineCMsDVia0DyYjhsorymcc1ga7J4gnRVGA==",
      "dependencies": {
        "data-uri-to-buffer": "^4.0.0",
        "fetch-blob": "^3.1.5",
        "formdata-node": "^4.3.2"
      },
      "engines": {
        "node": "^12.20.0 || ^14.13.1 || >=16.0.0"
      },
      "funding": {
        "type": "opencollective",
        "url": "https://opencollective.com/node-fetch"
      }
    },
    "node_modules/web-streams-polyfill": {
      "version": "3.3.0",
      "resolved": "https://registry.npmjs.org/web-streams-polyfill/-/web-streams-polyfill-3.3.0.tgz",
      "integrity": "sha512-EqPmREZgneeH43fqsKWSPOEf+6qKAJVVwoJf7ERY2mRyWO60qJvrnzYGTrkTmKc5m3kBMnVn9g5pWJ886HElj==",
      "engines": {
        "node": "^12.20.0 || ^14.13.1 || >=16.0.0"
      }
    }
  }
}
